
Microsoft Visual Studio Solution File, Format Version 12.00
# Visual Studio 14
VisualStudioVersion = 14.0.25420.1
MinimumVisualStudioVersion = 10.0.40219.1
Project("{FAE04EC0-301F-11D3-BF4B-00C04F79EFBC}") = "Jansson.AdventOfCode.DayEight", "Jansson.AdventOfCode.DayEight\Jansson.AdventOfCode.DayEight.csproj", "{2F2E5455-8916-4B59-A61E-9CAB54525D7B}"
EndProject
Project("{FAE04EC0-301F-11D3-BF4B-00C04F79EFBC}") = "Jansson.AdventOfCode.DayEight.Tests", "Jansson.AdventOfCode.DayEight.Tests\Jansson.AdventOfCode.DayEight.Tests.csproj", "{C90499F6-27BF-4021-BD54-241C40CFBEB8}"
EndProject
Project("{FAE04EC0-301F-11D3-BF4B-00C04F79EFBC}") = "Jansson.AdventOfCode.DayEight.Runner", "Jansson.AdventOfCode.DayEight.Runner\Jansson.AdventOfCode.DayEight.Runner.csproj", "{35308F41-34AA-4E81-A92B-78B374FA21EC}"
EndProject
Global
	GlobalSection(SolutionConfigurationPlatforms) = preSolution
		Debug|Any CPU = Debug|Any CPU
		Release|Any CPU = Release|Any CPU
	EndGlobalSection
	GlobalSection(ProjectConfigurationPlatforms) = postSolution
		{2F2E5455-8916-4B59-A61E-9CAB54525D7B}.Debug|Any CPU.ActiveCfg = Debug|Any CPU
		{2F2E5455-8916-4B59-A61E-9CAB54525D7B}.Debug|Any CPU.Build.0 = Debug|Any CPU
		{2F2E5455-8916-4B59-A61E-9CAB54525D7B}.Release|Any CPU.ActiveCfg = Release|Any CPU
		{2F2E5455-8916-4B59-A61E-9CAB54525D7B}.Release|Any CPU.Build.0 = Release|Any CPU
		{C90499F6-27BF-4021-BD54-241C40CFBEB8}.Debug|Any CPU.ActiveCfg = Debug|Any CPU
		{C90499F6-27BF-4021-BD54-241C40CFBEB8}.Debug|Any CPU.Build.0 = Debug|Any CPU
		{C90499F6-27BF-4021-BD54-241C40CFBEB8}.Release|Any CPU.ActiveCfg = Release|Any CPU
		{C90499F6-27BF-4021-BD54-241C40CFBEB8}.Release|Any CPU.Build.0 = Release|Any CPU
		{35308F41-34AA-4E81-A92B-78B374FA21EC}.Debug|Any CPU.ActiveCfg = Debug|Any CPU
		{35308F41-34AA-4E81-A92B-78B374FA21EC}.Debug|Any CPU.Build.0 = Debug|Any CPU
		{35308F41-34AA-4E81-A92B-78B374FA21EC}.Release|Any CPU.ActiveCfg = Release|Any CPU
		{35308F41-34AA-4E81-A92B-78B374FA21EC}.Release|Any CPU.Build.0 = Release|Any CPU
	EndGlobalSection
	GlobalSection(SolutionProperties) = preSolution
		HideSolutionNode = FALSE
	EndGlobalSection
EndGlobal
