
Microsoft Visual Studio Solution File, Format Version 12.00
# Visual Studio 14
VisualStudioVersion = 14.0.25420.1
MinimumVisualStudioVersion = 10.0.40219.1
Project("{FAE04EC0-301F-11D3-BF4B-00C04F79EFBC}") = "Jansson.AdventOfCode.DaySeven", "Jansson.AdventOfCode.DaySeven\Jansson.AdventOfCode.DaySeven.csproj", "{BAB4E028-107B-4048-B48A-78FD28A85DBD}"
EndProject
Project("{FAE04EC0-301F-11D3-BF4B-00C04F79EFBC}") = "Jansson.AdventOfCode.DaySeven.Tests", "Jansson.AdventOfCode.DaySeven.Tests\Jansson.AdventOfCode.DaySeven.Tests.csproj", "{CB1A8DAB-231B-4BE2-8C78-DDF0B7754B8F}"
EndProject
Global
	GlobalSection(SolutionConfigurationPlatforms) = preSolution
		Debug|Any CPU = Debug|Any CPU
		Release|Any CPU = Release|Any CPU
	EndGlobalSection
	GlobalSection(ProjectConfigurationPlatforms) = postSolution
		{BAB4E028-107B-4048-B48A-78FD28A85DBD}.Debug|Any CPU.ActiveCfg = Debug|Any CPU
		{BAB4E028-107B-4048-B48A-78FD28A85DBD}.Debug|Any CPU.Build.0 = Debug|Any CPU
		{BAB4E028-107B-4048-B48A-78FD28A85DBD}.Release|Any CPU.ActiveCfg = Release|Any CPU
		{BAB4E028-107B-4048-B48A-78FD28A85DBD}.Release|Any CPU.Build.0 = Release|Any CPU
		{CB1A8DAB-231B-4BE2-8C78-DDF0B7754B8F}.Debug|Any CPU.ActiveCfg = Debug|Any CPU
		{CB1A8DAB-231B-4BE2-8C78-DDF0B7754B8F}.Debug|Any CPU.Build.0 = Debug|Any CPU
		{CB1A8DAB-231B-4BE2-8C78-DDF0B7754B8F}.Release|Any CPU.ActiveCfg = Release|Any CPU
		{CB1A8DAB-231B-4BE2-8C78-DDF0B7754B8F}.Release|Any CPU.Build.0 = Release|Any CPU
	EndGlobalSection
	GlobalSection(SolutionProperties) = preSolution
		HideSolutionNode = FALSE
	EndGlobalSection
EndGlobal
