
Microsoft Visual Studio Solution File, Format Version 12.00
# Visual Studio 14
VisualStudioVersion = 14.0.25420.1
MinimumVisualStudioVersion = 10.0.40219.1
Project("{FAE04EC0-301F-11D3-BF4B-00C04F79EFBC}") = "Jansson.AdventOfCode.DayThree", "Jansson.AdventOfCode.DayThree\Jansson.AdventOfCode.DayThree.csproj", "{9EA9F1E7-B2BA-40D6-ACA7-219CC79DE260}"
EndProject
Project("{FAE04EC0-301F-11D3-BF4B-00C04F79EFBC}") = "Jansson.AdventOfCode.DayThree.Tests", "Jansson.AdventOfCode.DayThree.Tests\Jansson.AdventOfCode.DayThree.Tests.csproj", "{AC9779C4-6680-4D0B-8EAE-F0142F9D85B4}"
EndProject
Project("{FAE04EC0-301F-11D3-BF4B-00C04F79EFBC}") = "Jansson.AdventOfCode.DayThree.Runner", "Jansson.AdventOfCode.DayThree.Runner\Jansson.AdventOfCode.DayThree.Runner.csproj", "{26CCB249-A649-46CB-B3E8-0355F70A2E9A}"
EndProject
Global
	GlobalSection(SolutionConfigurationPlatforms) = preSolution
		Debug|Any CPU = Debug|Any CPU
		Release|Any CPU = Release|Any CPU
	EndGlobalSection
	GlobalSection(ProjectConfigurationPlatforms) = postSolution
		{9EA9F1E7-B2BA-40D6-ACA7-219CC79DE260}.Debug|Any CPU.ActiveCfg = Debug|Any CPU
		{9EA9F1E7-B2BA-40D6-ACA7-219CC79DE260}.Debug|Any CPU.Build.0 = Debug|Any CPU
		{9EA9F1E7-B2BA-40D6-ACA7-219CC79DE260}.Release|Any CPU.ActiveCfg = Release|Any CPU
		{9EA9F1E7-B2BA-40D6-ACA7-219CC79DE260}.Release|Any CPU.Build.0 = Release|Any CPU
		{AC9779C4-6680-4D0B-8EAE-F0142F9D85B4}.Debug|Any CPU.ActiveCfg = Debug|Any CPU
		{AC9779C4-6680-4D0B-8EAE-F0142F9D85B4}.Debug|Any CPU.Build.0 = Debug|Any CPU
		{AC9779C4-6680-4D0B-8EAE-F0142F9D85B4}.Release|Any CPU.ActiveCfg = Release|Any CPU
		{AC9779C4-6680-4D0B-8EAE-F0142F9D85B4}.Release|Any CPU.Build.0 = Release|Any CPU
		{26CCB249-A649-46CB-B3E8-0355F70A2E9A}.Debug|Any CPU.ActiveCfg = Debug|Any CPU
		{26CCB249-A649-46CB-B3E8-0355F70A2E9A}.Debug|Any CPU.Build.0 = Debug|Any CPU
		{26CCB249-A649-46CB-B3E8-0355F70A2E9A}.Release|Any CPU.ActiveCfg = Release|Any CPU
		{26CCB249-A649-46CB-B3E8-0355F70A2E9A}.Release|Any CPU.Build.0 = Release|Any CPU
	EndGlobalSection
	GlobalSection(SolutionProperties) = preSolution
		HideSolutionNode = FALSE
	EndGlobalSection
EndGlobal
