
Microsoft Visual Studio Solution File, Format Version 12.00
# Visual Studio 14
VisualStudioVersion = 14.0.25420.1
MinimumVisualStudioVersion = 10.0.40219.1
Project("{FAE04EC0-301F-11D3-BF4B-00C04F79EFBC}") = "Jansson.AdventOfCode.DaySix", "Jansson.AdventOfCode.DaySix\Jansson.AdventOfCode.DaySix.csproj", "{64FB2305-FF4C-4D33-8309-C40011CEF2B5}"
EndProject
Project("{FAE04EC0-301F-11D3-BF4B-00C04F79EFBC}") = "Jansson.AdventOfCode.DaySix.Tests", "Jansson.AdventOfCode.DaySix.Tests\Jansson.AdventOfCode.DaySix.Tests.csproj", "{A51C035D-A945-42F6-B026-E29E4EB6EC58}"
EndProject
Global
	GlobalSection(SolutionConfigurationPlatforms) = preSolution
		Debug|Any CPU = Debug|Any CPU
		Release|Any CPU = Release|Any CPU
	EndGlobalSection
	GlobalSection(ProjectConfigurationPlatforms) = postSolution
		{64FB2305-FF4C-4D33-8309-C40011CEF2B5}.Debug|Any CPU.ActiveCfg = Debug|Any CPU
		{64FB2305-FF4C-4D33-8309-C40011CEF2B5}.Debug|Any CPU.Build.0 = Debug|Any CPU
		{64FB2305-FF4C-4D33-8309-C40011CEF2B5}.Release|Any CPU.ActiveCfg = Release|Any CPU
		{64FB2305-FF4C-4D33-8309-C40011CEF2B5}.Release|Any CPU.Build.0 = Release|Any CPU
		{A51C035D-A945-42F6-B026-E29E4EB6EC58}.Debug|Any CPU.ActiveCfg = Debug|Any CPU
		{A51C035D-A945-42F6-B026-E29E4EB6EC58}.Debug|Any CPU.Build.0 = Debug|Any CPU
		{A51C035D-A945-42F6-B026-E29E4EB6EC58}.Release|Any CPU.ActiveCfg = Release|Any CPU
		{A51C035D-A945-42F6-B026-E29E4EB6EC58}.Release|Any CPU.Build.0 = Release|Any CPU
	EndGlobalSection
	GlobalSection(SolutionProperties) = preSolution
		HideSolutionNode = FALSE
	EndGlobalSection
EndGlobal
