
Microsoft Visual Studio Solution File, Format Version 12.00
# Visual Studio 15
VisualStudioVersion = 15.0.28307.136
MinimumVisualStudioVersion = 10.0.40219.1
Project("{9A19103F-16F7-4668-BE54-9A1E7A4F7556}") = "Jansson.AdventOfCode.2018.Day1", "Jansson.AdventOfCode.2018.Day1\Jansson.AdventOfCode.2018.Day1.csproj", "{A75A62DD-D00A-48FD-A514-83AF425C626F}"
EndProject
Project("{2150E333-8FDC-42A3-9474-1A3956D46DE8}") = "Day1", "Day1", "{9A80C8CE-8960-49B6-B6F1-C19E5D273598}"
EndProject
Project("{9A19103F-16F7-4668-BE54-9A1E7A4F7556}") = "Jansson.AdventOfCode.2018.Day1.Tests", "Jansson.AdventOfCode.2018.Day1.Tests\Jansson.AdventOfCode.2018.Day1.Tests.csproj", "{879F73C5-FB4E-4FEA-B259-D3BA5906524A}"
EndProject
Project("{2150E333-8FDC-42A3-9474-1A3956D46DE8}") = "Day2", "Day2", "{427443D9-B627-4309-BF20-413AFFAC0B8E}"
EndProject
Project("{FAE04EC0-301F-11D3-BF4B-00C04F79EFBC}") = "Jansson.AdventOfCode.2018.Day2", "Jansson.AdventOfCode.2018.Day2\Jansson.AdventOfCode.2018.Day2.csproj", "{057FBBCA-CE9E-49FE-9D70-A046056AF666}"
EndProject
Project("{FAE04EC0-301F-11D3-BF4B-00C04F79EFBC}") = "Jansson.AdventOfCode.2018.Day2.Tests", "Jansson.AdventOfCode.2018.Day2.Tests\Jansson.AdventOfCode.2018.Day2.Tests.csproj", "{9C682BFC-5E4E-4365-8138-67F7A6E53066}"
EndProject
Global
	GlobalSection(SolutionConfigurationPlatforms) = preSolution
		Debug|Any CPU = Debug|Any CPU
		Release|Any CPU = Release|Any CPU
	EndGlobalSection
	GlobalSection(ProjectConfigurationPlatforms) = postSolution
		{A75A62DD-D00A-48FD-A514-83AF425C626F}.Debug|Any CPU.ActiveCfg = Debug|Any CPU
		{A75A62DD-D00A-48FD-A514-83AF425C626F}.Debug|Any CPU.Build.0 = Debug|Any CPU
		{A75A62DD-D00A-48FD-A514-83AF425C626F}.Release|Any CPU.ActiveCfg = Release|Any CPU
		{A75A62DD-D00A-48FD-A514-83AF425C626F}.Release|Any CPU.Build.0 = Release|Any CPU
		{879F73C5-FB4E-4FEA-B259-D3BA5906524A}.Debug|Any CPU.ActiveCfg = Debug|Any CPU
		{879F73C5-FB4E-4FEA-B259-D3BA5906524A}.Debug|Any CPU.Build.0 = Debug|Any CPU
		{879F73C5-FB4E-4FEA-B259-D3BA5906524A}.Release|Any CPU.ActiveCfg = Release|Any CPU
		{879F73C5-FB4E-4FEA-B259-D3BA5906524A}.Release|Any CPU.Build.0 = Release|Any CPU
		{057FBBCA-CE9E-49FE-9D70-A046056AF666}.Debug|Any CPU.ActiveCfg = Debug|Any CPU
		{057FBBCA-CE9E-49FE-9D70-A046056AF666}.Debug|Any CPU.Build.0 = Debug|Any CPU
		{057FBBCA-CE9E-49FE-9D70-A046056AF666}.Release|Any CPU.ActiveCfg = Release|Any CPU
		{057FBBCA-CE9E-49FE-9D70-A046056AF666}.Release|Any CPU.Build.0 = Release|Any CPU
		{9C682BFC-5E4E-4365-8138-67F7A6E53066}.Debug|Any CPU.ActiveCfg = Debug|Any CPU
		{9C682BFC-5E4E-4365-8138-67F7A6E53066}.Debug|Any CPU.Build.0 = Debug|Any CPU
		{9C682BFC-5E4E-4365-8138-67F7A6E53066}.Release|Any CPU.ActiveCfg = Release|Any CPU
		{9C682BFC-5E4E-4365-8138-67F7A6E53066}.Release|Any CPU.Build.0 = Release|Any CPU
	EndGlobalSection
	GlobalSection(SolutionProperties) = preSolution
		HideSolutionNode = FALSE
	EndGlobalSection
	GlobalSection(NestedProjects) = preSolution
		{A75A62DD-D00A-48FD-A514-83AF425C626F} = {9A80C8CE-8960-49B6-B6F1-C19E5D273598}
		{879F73C5-FB4E-4FEA-B259-D3BA5906524A} = {9A80C8CE-8960-49B6-B6F1-C19E5D273598}
		{057FBBCA-CE9E-49FE-9D70-A046056AF666} = {427443D9-B627-4309-BF20-413AFFAC0B8E}
		{9C682BFC-5E4E-4365-8138-67F7A6E53066} = {427443D9-B627-4309-BF20-413AFFAC0B8E}
	EndGlobalSection
	GlobalSection(ExtensibilityGlobals) = postSolution
		SolutionGuid = {733322C7-457B-4363-A472-F752829B1F5B}
	EndGlobalSection
EndGlobal
