
Microsoft Visual Studio Solution File, Format Version 12.00
# Visual Studio 15
VisualStudioVersion = 15.0.27004.2010
MinimumVisualStudioVersion = 10.0.40219.1
Project("{FAE04EC0-301F-11D3-BF4B-00C04F79EFBC}") = "Jansson.AdventOfCode.DayEleven", "Jansson.AdventOfCode.DayEleven\Jansson.AdventOfCode.DayEleven.csproj", "{0C30F714-E82F-4F32-A786-95C0CD39EE54}"
EndProject
Project("{FAE04EC0-301F-11D3-BF4B-00C04F79EFBC}") = "Jansson.AdventOfCode.DayEleven.Tests", "Jansson.AdventOfCode.DayEleven.Tests\Jansson.AdventOfCode.DayEleven.Tests.csproj", "{4384FD3A-5501-4008-87B3-69C176DACF65}"
EndProject
Global
	GlobalSection(SolutionConfigurationPlatforms) = preSolution
		Debug|Any CPU = Debug|Any CPU
		Release|Any CPU = Release|Any CPU
	EndGlobalSection
	GlobalSection(ProjectConfigurationPlatforms) = postSolution
		{0C30F714-E82F-4F32-A786-95C0CD39EE54}.Debug|Any CPU.ActiveCfg = Debug|Any CPU
		{0C30F714-E82F-4F32-A786-95C0CD39EE54}.Debug|Any CPU.Build.0 = Debug|Any CPU
		{0C30F714-E82F-4F32-A786-95C0CD39EE54}.Release|Any CPU.ActiveCfg = Release|Any CPU
		{0C30F714-E82F-4F32-A786-95C0CD39EE54}.Release|Any CPU.Build.0 = Release|Any CPU
		{4384FD3A-5501-4008-87B3-69C176DACF65}.Debug|Any CPU.ActiveCfg = Debug|Any CPU
		{4384FD3A-5501-4008-87B3-69C176DACF65}.Debug|Any CPU.Build.0 = Debug|Any CPU
		{4384FD3A-5501-4008-87B3-69C176DACF65}.Release|Any CPU.ActiveCfg = Release|Any CPU
		{4384FD3A-5501-4008-87B3-69C176DACF65}.Release|Any CPU.Build.0 = Release|Any CPU
	EndGlobalSection
	GlobalSection(SolutionProperties) = preSolution
		HideSolutionNode = FALSE
	EndGlobalSection
	GlobalSection(ExtensibilityGlobals) = postSolution
		SolutionGuid = {6BD4E54B-F3D5-4F70-9C98-9DD8DB184E1A}
	EndGlobalSection
EndGlobal
